
Microsoft Visual Studio Solution File, Format Version 10.00
# Visual Studio 2008
Project("{FAE04EC0-301F-11D3-BF4B-00C04F79EFBC}") = "AT指令调试器", "AT指令调试器\AT指令调试器.csproj", "{BC0212C2-C3E1-4CB7-9AAD-08C041D1DD1B}"
EndProject
Global
	GlobalSection(SolutionConfigurationPlatforms) = preSolution
		Debug|Any CPU = Debug|Any CPU
		Release|Any CPU = Release|Any CPU
	EndGlobalSection
	GlobalSection(ProjectConfigurationPlatforms) = postSolution
		{BC0212C2-C3E1-4CB7-9AAD-08C041D1DD1B}.Debug|Any CPU.ActiveCfg = Debug|Any CPU
		{BC0212C2-C3E1-4CB7-9AAD-08C041D1DD1B}.Debug|Any CPU.Build.0 = Debug|Any CPU
		{BC0212C2-C3E1-4CB7-9AAD-08C041D1DD1B}.Release|Any CPU.ActiveCfg = Release|Any CPU
		{BC0212C2-C3E1-4CB7-9AAD-08C041D1DD1B}.Release|Any CPU.Build.0 = Release|Any CPU
	EndGlobalSection
	GlobalSection(SolutionProperties) = preSolution
		HideSolutionNode = FALSE
	EndGlobalSection
EndGlobal
